
Microsoft Visual Studio Solution File, Format Version 12.00
# Visual Studio Version 16
VisualStudioVersion = 16.0.30204.135
MinimumVisualStudioVersion = 10.0.40219.1
Project("{9A19103F-16F7-4668-BE54-9A1E7A4F7556}") = "FlightTicketsSystem.Common", "Flights.Common\FlightTicketsSystem.Common.csproj", "{5B639EDE-E5F5-4F10-B1EC-928BFCE741D3}"
EndProject
Project("{9A19103F-16F7-4668-BE54-9A1E7A4F7556}") = "FlightTicketsSystem.Web", "Flights.Web\FlightTicketsSystem.Web.csproj", "{A1CEABCA-98EF-425B-9760-4D16E7B80723}"
EndProject
Global
	GlobalSection(SolutionConfigurationPlatforms) = preSolution
		Debug|Any CPU = Debug|Any CPU
		Release|Any CPU = Release|Any CPU
	EndGlobalSection
	GlobalSection(ProjectConfigurationPlatforms) = postSolution
		{5B639EDE-E5F5-4F10-B1EC-928BFCE741D3}.Debug|Any CPU.ActiveCfg = Debug|Any CPU
		{5B639EDE-E5F5-4F10-B1EC-928BFCE741D3}.Debug|Any CPU.Build.0 = Debug|Any CPU
		{5B639EDE-E5F5-4F10-B1EC-928BFCE741D3}.Release|Any CPU.ActiveCfg = Release|Any CPU
		{5B639EDE-E5F5-4F10-B1EC-928BFCE741D3}.Release|Any CPU.Build.0 = Release|Any CPU
		{A1CEABCA-98EF-425B-9760-4D16E7B80723}.Debug|Any CPU.ActiveCfg = Debug|Any CPU
		{A1CEABCA-98EF-425B-9760-4D16E7B80723}.Debug|Any CPU.Build.0 = Debug|Any CPU
		{A1CEABCA-98EF-425B-9760-4D16E7B80723}.Release|Any CPU.ActiveCfg = Release|Any CPU
		{A1CEABCA-98EF-425B-9760-4D16E7B80723}.Release|Any CPU.Build.0 = Release|Any CPU
	EndGlobalSection
	GlobalSection(SolutionProperties) = preSolution
		HideSolutionNode = FALSE
	EndGlobalSection
	GlobalSection(ExtensibilityGlobals) = postSolution
		SolutionGuid = {B9D613D9-9F3F-4722-B821-F85678C52188}
	EndGlobalSection
EndGlobal
